
Microsoft Visual Studio Solution File, Format Version 11.00
# Visual Studio 2010
Project("{FAE04EC0-301F-11D3-BF4B-00C04F79EFBC}") = "GMTKJam", "Assembly-CSharp.csproj", "{7250D498-3984-EF38-6857-2F2A0EAC745A}"
EndProject
Project("{FAE04EC0-301F-11D3-BF4B-00C04F79EFBC}") = "GMTKJam", "Assembly-CSharp-Editor.csproj", "{AF19B82B-0FC7-EA8C-C926-BD75C72C5E94}"
EndProject
Global
	GlobalSection(SolutionConfigurationPlatforms) = preSolution
		Debug|Any CPU = Debug|Any CPU
		Release|Any CPU = Release|Any CPU
	EndGlobalSection
	GlobalSection(ProjectConfigurationPlatforms) = postSolution
		{7250D498-3984-EF38-6857-2F2A0EAC745A}.Debug|Any CPU.ActiveCfg = Debug|Any CPU
		{7250D498-3984-EF38-6857-2F2A0EAC745A}.Debug|Any CPU.Build.0 = Debug|Any CPU
		{7250D498-3984-EF38-6857-2F2A0EAC745A}.Release|Any CPU.ActiveCfg = Release|Any CPU
		{7250D498-3984-EF38-6857-2F2A0EAC745A}.Release|Any CPU.Build.0 = Release|Any CPU
		{AF19B82B-0FC7-EA8C-C926-BD75C72C5E94}.Debug|Any CPU.ActiveCfg = Debug|Any CPU
		{AF19B82B-0FC7-EA8C-C926-BD75C72C5E94}.Debug|Any CPU.Build.0 = Debug|Any CPU
		{AF19B82B-0FC7-EA8C-C926-BD75C72C5E94}.Release|Any CPU.ActiveCfg = Release|Any CPU
		{AF19B82B-0FC7-EA8C-C926-BD75C72C5E94}.Release|Any CPU.Build.0 = Release|Any CPU
	EndGlobalSection
	GlobalSection(SolutionProperties) = preSolution
		HideSolutionNode = FALSE
	EndGlobalSection
	GlobalSection(MonoDevelopProperties) = preSolution
		StartupItem = Assembly-CSharp.csproj
	EndGlobalSection
EndGlobal
